
Microsoft Visual Studio Solution File, Format Version 12.00
# Visual Studio Version 16
VisualStudioVersion = 16.0.810.9
MinimumVisualStudioVersion = 10.0.40219.1
Project("{FAE04EC0-301F-11D3-BF4B-00C04F79EFBC}") = "MacosPinvokeHelper", "MacosPinvokeHelper\MacosPinvokeHelper.csproj", "{55169A36-4FC2-4CB3-9E4D-01BCB9EA7925}"
EndProject
Project("{FAE04EC0-301F-11D3-BF4B-00C04F79EFBC}") = "RunningExample", "RunningExample\RunningExample.csproj", "{B9FB62EC-5CA7-4384-953E-B6BB2C45874B}"
EndProject
Global
	GlobalSection(SolutionConfigurationPlatforms) = preSolution
		Debug|Any CPU = Debug|Any CPU
		Release|Any CPU = Release|Any CPU
	EndGlobalSection
	GlobalSection(ProjectConfigurationPlatforms) = postSolution
		{55169A36-4FC2-4CB3-9E4D-01BCB9EA7925}.Debug|Any CPU.ActiveCfg = Debug|Any CPU
		{55169A36-4FC2-4CB3-9E4D-01BCB9EA7925}.Debug|Any CPU.Build.0 = Debug|Any CPU
		{55169A36-4FC2-4CB3-9E4D-01BCB9EA7925}.Release|Any CPU.ActiveCfg = Release|Any CPU
		{55169A36-4FC2-4CB3-9E4D-01BCB9EA7925}.Release|Any CPU.Build.0 = Release|Any CPU
		{B9FB62EC-5CA7-4384-953E-B6BB2C45874B}.Debug|Any CPU.ActiveCfg = Debug|Any CPU
		{B9FB62EC-5CA7-4384-953E-B6BB2C45874B}.Debug|Any CPU.Build.0 = Debug|Any CPU
		{B9FB62EC-5CA7-4384-953E-B6BB2C45874B}.Release|Any CPU.ActiveCfg = Release|Any CPU
		{B9FB62EC-5CA7-4384-953E-B6BB2C45874B}.Release|Any CPU.Build.0 = Release|Any CPU
	EndGlobalSection
	GlobalSection(SolutionProperties) = preSolution
		HideSolutionNode = FALSE
	EndGlobalSection
	GlobalSection(ExtensibilityGlobals) = postSolution
		SolutionGuid = {D0B321ED-CDB2-40AB-ABF7-E74933E115D5}
	EndGlobalSection
EndGlobal
